{
  "name": "venti",
  "version": "1.0.0",
  "lockfileVersion": 2,
  "requires": true,
  "packages": {
    "": {
      "name": "venti",
      "version": "1.0.0",
      "license": "ISC",
      "dependencies": {
        "pnpm": "^7.8.0"
      },
      "devDependencies": {}
    },
    "node_modules/pnpm": {
      "version": "7.8.0",
      "resolved": "https://registry.npmjs.org/pnpm/-/pnpm-7.8.0.tgz",
      "integrity": "sha512-jzb9/gto4nwuVA2itTRk0PJhuaZcA1NBRB298UzXhqKZQMjtHCS+KLzh7RWk5n3g+KnMg5FHr6Mwg1L62dBz1A==",
      "bin": {
        "pnpm": "bin/pnpm.cjs",
        "pnpx": "bin/pnpx.cjs"
      },
      "engines": {
        "node": ">=14.6"
      },
      "funding": {
        "url": "https://opencollective.com/pnpm"
      }
    }
  },
  "dependencies": {
    "pnpm": {
      "version": "7.8.0",
      "resolved": "https://registry.npmjs.org/pnpm/-/pnpm-7.8.0.tgz",
      "integrity": "sha512-jzb9/gto4nwuVA2itTRk0PJhuaZcA1NBRB298UzXhqKZQMjtHCS+KLzh7RWk5n3g+KnMg5FHr6Mwg1L62dBz1A=="
    }
  }
}
